
Microsoft Visual Studio Solution File, Format Version 11.00
# Visual Studio 2010
Project("{FAE04EC0-301F-11D3-BF4B-00C04F79EFBC}") = "Assembly-CSharp", "Assembly-CSharp.csproj", "{33451463-B5DD-535F-F7C6-ADB0740AFB99}"
EndProject
Project("{FAE04EC0-301F-11D3-BF4B-00C04F79EFBC}") = "Assembly-CSharp-firstpass", "Assembly-CSharp-firstpass.csproj", "{F1541852-B862-6990-E214-A04CA4D7504A}"
EndProject
Project("{FAE04EC0-301F-11D3-BF4B-00C04F79EFBC}") = "Assembly-CSharp-Editor-firstpass", "Assembly-CSharp-Editor-firstpass.csproj", "{04E83877-CC60-4DE5-2C67-244FB4E805DF}"
EndProject
Project("{FAE04EC0-301F-11D3-BF4B-00C04F79EFBC}") = "Assembly-CSharp-Editor", "Assembly-CSharp-Editor.csproj", "{35319DAB-72D6-7939-DEFF-8B3010FE1DE5}"
EndProject
Global
	GlobalSection(SolutionConfigurationPlatforms) = preSolution
		Debug|Any CPU = Debug|Any CPU
		Release|Any CPU = Release|Any CPU
	EndGlobalSection
	GlobalSection(ProjectConfigurationPlatforms) = postSolution
		{33451463-B5DD-535F-F7C6-ADB0740AFB99}.Debug|Any CPU.ActiveCfg = Debug|Any CPU
		{33451463-B5DD-535F-F7C6-ADB0740AFB99}.Debug|Any CPU.Build.0 = Debug|Any CPU
		{33451463-B5DD-535F-F7C6-ADB0740AFB99}.Release|Any CPU.ActiveCfg = Release|Any CPU
		{33451463-B5DD-535F-F7C6-ADB0740AFB99}.Release|Any CPU.Build.0 = Release|Any CPU
		{F1541852-B862-6990-E214-A04CA4D7504A}.Debug|Any CPU.ActiveCfg = Debug|Any CPU
		{F1541852-B862-6990-E214-A04CA4D7504A}.Debug|Any CPU.Build.0 = Debug|Any CPU
		{F1541852-B862-6990-E214-A04CA4D7504A}.Release|Any CPU.ActiveCfg = Release|Any CPU
		{F1541852-B862-6990-E214-A04CA4D7504A}.Release|Any CPU.Build.0 = Release|Any CPU
		{04E83877-CC60-4DE5-2C67-244FB4E805DF}.Debug|Any CPU.ActiveCfg = Debug|Any CPU
		{04E83877-CC60-4DE5-2C67-244FB4E805DF}.Debug|Any CPU.Build.0 = Debug|Any CPU
		{04E83877-CC60-4DE5-2C67-244FB4E805DF}.Release|Any CPU.ActiveCfg = Release|Any CPU
		{04E83877-CC60-4DE5-2C67-244FB4E805DF}.Release|Any CPU.Build.0 = Release|Any CPU
		{35319DAB-72D6-7939-DEFF-8B3010FE1DE5}.Debug|Any CPU.ActiveCfg = Debug|Any CPU
		{35319DAB-72D6-7939-DEFF-8B3010FE1DE5}.Debug|Any CPU.Build.0 = Debug|Any CPU
		{35319DAB-72D6-7939-DEFF-8B3010FE1DE5}.Release|Any CPU.ActiveCfg = Release|Any CPU
		{35319DAB-72D6-7939-DEFF-8B3010FE1DE5}.Release|Any CPU.Build.0 = Release|Any CPU
	EndGlobalSection
	GlobalSection(SolutionProperties) = preSolution
		HideSolutionNode = FALSE
	EndGlobalSection
	GlobalSection(MonoDevelopProperties) = preSolution
		StartupItem = Assembly-CSharp.csproj
	EndGlobalSection
EndGlobal
